// !$*UTF8*$!
{
	archiveVersion = 1;
	classes = {
	};
	objectVersion = 56;
	objects = {

/* Begin PBXBuildFile section */
		220A7A092880F05B00D95942 /* Realm.xcframework in Frameworks */ = {isa = PBXBuildFile; fileRef = 224D95C22880709600A52D57 /* Realm.xcframework */; };
		220A7A0A2880F05B00D95942 /* Realm.xcframework in Embed Frameworks */ = {isa = PBXBuildFile; fileRef = 224D95C22880709600A52D57 /* Realm.xcframework */; settings = {ATTRIBUTES = (CodeSignOnCopy, RemoveHeadersOnCopy, ); }; };
		224D95C7288074C900A52D57 /* RealmSwift.xcframework in Frameworks */ = {isa = PBXBuildFile; fileRef = 224D95C6288074C900A52D57 /* RealmSwift.xcframework */; };
		224D95C8288074C900A52D57 /* RealmSwift.xcframework in Embed Frameworks */ = {isa = PBXBuildFile; fileRef = 224D95C6288074C900A52D57 /* RealmSwift.xcframework */; settings = {ATTRIBUTES = (CodeSignOnCopy, RemoveHeadersOnCopy, ); }; };
		22F20FDB28806A3B00D02328 /* QRealmManager.framework in Frameworks */ = {isa = PBXBuildFile; fileRef = 22F20FD228806A3B00D02328 /* QRealmManager.framework */; };
		22F20FE028806A3B00D02328 /* QRealmManagerTests.swift in Sources */ = {isa = PBXBuildFile; fileRef = 22F20FDF28806A3B00D02328 /* QRealmManagerTests.swift */; };
		22F20FE128806A3B00D02328 /* QRealmManager.h in Headers */ = {isa = PBXBuildFile; fileRef = 22F20FD528806A3B00D02328 /* QRealmManager.h */; settings = {ATTRIBUTES = (Public, ); }; };
		22F20FF128806AED00D02328 /* DatabaseConfigurable+Configuration.swift in Sources */ = {isa = PBXBuildFile; fileRef = 22F20FEB28806AED00D02328 /* DatabaseConfigurable+Configuration.swift */; };
		22F20FF228806AED00D02328 /* DatabaseConfigurable+LegacyMigration.swift in Sources */ = {isa = PBXBuildFile; fileRef = 22F20FEC28806AED00D02328 /* DatabaseConfigurable+LegacyMigration.swift */; };
		22F20FF328806AED00D02328 /* DatabaseConfigurable+Setup.swift in Sources */ = {isa = PBXBuildFile; fileRef = 22F20FED28806AED00D02328 /* DatabaseConfigurable+Setup.swift */; };
		22F20FF428806AED00D02328 /* RealmErrorType.swift in Sources */ = {isa = PBXBuildFile; fileRef = 22F20FEE28806AED00D02328 /* RealmErrorType.swift */; };
		22F20FF528806AED00D02328 /* DatabaseConfigurable.swift in Sources */ = {isa = PBXBuildFile; fileRef = 22F20FEF28806AED00D02328 /* DatabaseConfigurable.swift */; };
		22F20FF628806AED00D02328 /* RealmMemoryType.swift in Sources */ = {isa = PBXBuildFile; fileRef = 22F20FF028806AED00D02328 /* RealmMemoryType.swift */; };
/* End PBXBuildFile section */

/* Begin PBXContainerItemProxy section */
		22F20FDC28806A3B00D02328 /* PBXContainerItemProxy */ = {
			isa = PBXContainerItemProxy;
			containerPortal = 22F20FC928806A3B00D02328 /* Project object */;
			proxyType = 1;
			remoteGlobalIDString = 22F20FD128806A3B00D02328;
			remoteInfo = QRealmManager;
		};
/* End PBXContainerItemProxy section */

/* Begin PBXCopyFilesBuildPhase section */
		224D95C52880709700A52D57 /* Embed Frameworks */ = {
			isa = PBXCopyFilesBuildPhase;
			buildActionMask = 2147483647;
			dstPath = "";
			dstSubfolderSpec = 10;
			files = (
				224D95C8288074C900A52D57 /* RealmSwift.xcframework in Embed Frameworks */,
				220A7A0A2880F05B00D95942 /* Realm.xcframework in Embed Frameworks */,
			);
			name = "Embed Frameworks";
			runOnlyForDeploymentPostprocessing = 0;
		};
/* End PBXCopyFilesBuildPhase section */

/* Begin PBXFileReference section */
		224D95C22880709600A52D57 /* Realm.xcframework */ = {isa = PBXFileReference; lastKnownFileType = wrapper.xcframework; name = Realm.xcframework; path = Carthage/Build/Realm.xcframework; sourceTree = "<group>"; };
		224D95C6288074C900A52D57 /* RealmSwift.xcframework */ = {isa = PBXFileReference; lastKnownFileType = wrapper.xcframework; name = RealmSwift.xcframework; path = Carthage/Build/RealmSwift.xcframework; sourceTree = "<group>"; };
		22E718852880F474005467C9 /* QRealmManagerPackage */ = {isa = PBXFileReference; lastKnownFileType = wrapper; path = QRealmManagerPackage; sourceTree = "<group>"; };
		22F20FD228806A3B00D02328 /* QRealmManager.framework */ = {isa = PBXFileReference; explicitFileType = wrapper.framework; includeInIndex = 0; path = QRealmManager.framework; sourceTree = BUILT_PRODUCTS_DIR; };
		22F20FD528806A3B00D02328 /* QRealmManager.h */ = {isa = PBXFileReference; lastKnownFileType = sourcecode.c.h; path = QRealmManager.h; sourceTree = "<group>"; };
		22F20FDA28806A3B00D02328 /* QRealmManagerTests.xctest */ = {isa = PBXFileReference; explicitFileType = wrapper.cfbundle; includeInIndex = 0; path = QRealmManagerTests.xctest; sourceTree = BUILT_PRODUCTS_DIR; };
		22F20FDF28806A3B00D02328 /* QRealmManagerTests.swift */ = {isa = PBXFileReference; lastKnownFileType = sourcecode.swift; path = QRealmManagerTests.swift; sourceTree = "<group>"; };
		22F20FEB28806AED00D02328 /* DatabaseConfigurable+Configuration.swift */ = {isa = PBXFileReference; fileEncoding = 4; lastKnownFileType = sourcecode.swift; path = "DatabaseConfigurable+Configuration.swift"; sourceTree = "<group>"; };
		22F20FEC28806AED00D02328 /* DatabaseConfigurable+LegacyMigration.swift */ = {isa = PBXFileReference; fileEncoding = 4; lastKnownFileType = sourcecode.swift; path = "DatabaseConfigurable+LegacyMigration.swift"; sourceTree = "<group>"; };
		22F20FED28806AED00D02328 /* DatabaseConfigurable+Setup.swift */ = {isa = PBXFileReference; fileEncoding = 4; lastKnownFileType = sourcecode.swift; path = "DatabaseConfigurable+Setup.swift"; sourceTree = "<group>"; };
		22F20FEE28806AED00D02328 /* RealmErrorType.swift */ = {isa = PBXFileReference; fileEncoding = 4; lastKnownFileType = sourcecode.swift; path = RealmErrorType.swift; sourceTree = "<group>"; };
		22F20FEF28806AED00D02328 /* DatabaseConfigurable.swift */ = {isa = PBXFileReference; fileEncoding = 4; lastKnownFileType = sourcecode.swift; path = DatabaseConfigurable.swift; sourceTree = "<group>"; };
		22F20FF028806AED00D02328 /* RealmMemoryType.swift */ = {isa = PBXFileReference; fileEncoding = 4; lastKnownFileType = sourcecode.swift; path = RealmMemoryType.swift; sourceTree = "<group>"; };
/* End PBXFileReference section */

/* Begin PBXFrameworksBuildPhase section */
		22F20FCF28806A3B00D02328 /* Frameworks */ = {
			isa = PBXFrameworksBuildPhase;
			buildActionMask = 2147483647;
			files = (
				224D95C7288074C900A52D57 /* RealmSwift.xcframework in Frameworks */,
				220A7A092880F05B00D95942 /* Realm.xcframework in Frameworks */,
			);
			runOnlyForDeploymentPostprocessing = 0;
		};
		22F20FD728806A3B00D02328 /* Frameworks */ = {
			isa = PBXFrameworksBuildPhase;
			buildActionMask = 2147483647;
			files = (
				22F20FDB28806A3B00D02328 /* QRealmManager.framework in Frameworks */,
			);
			runOnlyForDeploymentPostprocessing = 0;
		};
/* End PBXFrameworksBuildPhase section */

/* Begin PBXGroup section */
		224D95C12880709600A52D57 /* Frameworks */ = {
			isa = PBXGroup;
			children = (
				224D95C6288074C900A52D57 /* RealmSwift.xcframework */,
				224D95C22880709600A52D57 /* Realm.xcframework */,
			);
			name = Frameworks;
			sourceTree = "<group>";
		};
		22F20FC828806A3B00D02328 = {
			isa = PBXGroup;
			children = (
				22E718852880F474005467C9 /* QRealmManagerPackage */,
				22F20FD428806A3B00D02328 /* QRealmManager */,
				22F20FDE28806A3B00D02328 /* QRealmManagerTests */,
				22F20FD328806A3B00D02328 /* Products */,
				224D95C12880709600A52D57 /* Frameworks */,
			);
			sourceTree = "<group>";
		};
		22F20FD328806A3B00D02328 /* Products */ = {
			isa = PBXGroup;
			children = (
				22F20FD228806A3B00D02328 /* QRealmManager.framework */,
				22F20FDA28806A3B00D02328 /* QRealmManagerTests.xctest */,
			);
			name = Products;
			sourceTree = "<group>";
		};
		22F20FD428806A3B00D02328 /* QRealmManager */ = {
			isa = PBXGroup;
			children = (
				22F20FEA28806AED00D02328 /* Classes */,
				22F20FD528806A3B00D02328 /* QRealmManager.h */,
			);
			path = QRealmManager;
			sourceTree = "<group>";
		};
		22F20FDE28806A3B00D02328 /* QRealmManagerTests */ = {
			isa = PBXGroup;
			children = (
				22F20FDF28806A3B00D02328 /* QRealmManagerTests.swift */,
			);
			path = QRealmManagerTests;
			sourceTree = "<group>";
		};
		22F20FEA28806AED00D02328 /* Classes */ = {
			isa = PBXGroup;
			children = (
				22F20FEB28806AED00D02328 /* DatabaseConfigurable+Configuration.swift */,
				22F20FEC28806AED00D02328 /* DatabaseConfigurable+LegacyMigration.swift */,
				22F20FED28806AED00D02328 /* DatabaseConfigurable+Setup.swift */,
				22F20FEE28806AED00D02328 /* RealmErrorType.swift */,
				22F20FEF28806AED00D02328 /* DatabaseConfigurable.swift */,
				22F20FF028806AED00D02328 /* RealmMemoryType.swift */,
			);
			path = Classes;
			sourceTree = SOURCE_ROOT;
		};
/* End PBXGroup section */

/* Begin PBXHeadersBuildPhase section */
		22F20FCD28806A3B00D02328 /* Headers */ = {
			isa = PBXHeadersBuildPhase;
			buildActionMask = 2147483647;
			files = (
				22F20FE128806A3B00D02328 /* QRealmManager.h in Headers */,
			);
			runOnlyForDeploymentPostprocessing = 0;
		};
/* End PBXHeadersBuildPhase section */

/* Begin PBXNativeTarget section */
		22F20FD128806A3B00D02328 /* QRealmManager */ = {
			isa = PBXNativeTarget;
			buildConfigurationList = 22F20FE428806A3B00D02328 /* Build configuration list for PBXNativeTarget "QRealmManager" */;
			buildPhases = (
				22F20FCD28806A3B00D02328 /* Headers */,
				22F20FCE28806A3B00D02328 /* Sources */,
				22F20FCF28806A3B00D02328 /* Frameworks */,
				22F20FD028806A3B00D02328 /* Resources */,
				224D95C52880709700A52D57 /* Embed Frameworks */,
			);
			buildRules = (
			);
			dependencies = (
			);
			name = QRealmManager;
			productName = QRealmManager;
			productReference = 22F20FD228806A3B00D02328 /* QRealmManager.framework */;
			productType = "com.apple.product-type.framework";
		};
		22F20FD928806A3B00D02328 /* QRealmManagerTests */ = {
			isa = PBXNativeTarget;
			buildConfigurationList = 22F20FE728806A3B00D02328 /* Build configuration list for PBXNativeTarget "QRealmManagerTests" */;
			buildPhases = (
				22F20FD628806A3B00D02328 /* Sources */,
				22F20FD728806A3B00D02328 /* Frameworks */,
				22F20FD828806A3B00D02328 /* Resources */,
			);
			buildRules = (
			);
			dependencies = (
				22F20FDD28806A3B00D02328 /* PBXTargetDependency */,
			);
			name = QRealmManagerTests;
			productName = QRealmManagerTests;
			productReference = 22F20FDA28806A3B00D02328 /* QRealmManagerTests.xctest */;
			productType = "com.apple.product-type.bundle.unit-test";
		};
/* End PBXNativeTarget section */

/* Begin PBXProject section */
		22F20FC928806A3B00D02328 /* Project object */ = {
			isa = PBXProject;
			attributes = {
				BuildIndependentTargetsInParallel = 1;
				LastSwiftUpdateCheck = 1400;
				LastUpgradeCheck = 1400;
				TargetAttributes = {
					22F20FD128806A3B00D02328 = {
						CreatedOnToolsVersion = 14.0;
					};
					22F20FD928806A3B00D02328 = {
						CreatedOnToolsVersion = 14.0;
					};
				};
			};
			buildConfigurationList = 22F20FCC28806A3B00D02328 /* Build configuration list for PBXProject "QRealmManager" */;
			compatibilityVersion = "Xcode 14.0";
			developmentRegion = en;
			hasScannedForEncodings = 0;
			knownRegions = (
				en,
				Base,
			);
			mainGroup = 22F20FC828806A3B00D02328;
			productRefGroup = 22F20FD328806A3B00D02328 /* Products */;
			projectDirPath = "";
			projectRoot = "";
			targets = (
				22F20FD128806A3B00D02328 /* QRealmManager */,
				22F20FD928806A3B00D02328 /* QRealmManagerTests */,
			);
		};
/* End PBXProject section */

/* Begin PBXResourcesBuildPhase section */
		22F20FD028806A3B00D02328 /* Resources */ = {
			isa = PBXResourcesBuildPhase;
			buildActionMask = 2147483647;
			files = (
			);
			runOnlyForDeploymentPostprocessing = 0;
		};
		22F20FD828806A3B00D02328 /* Resources */ = {
			isa = PBXResourcesBuildPhase;
			buildActionMask = 2147483647;
			files = (
			);
			runOnlyForDeploymentPostprocessing = 0;
		};
/* End PBXResourcesBuildPhase section */

/* Begin PBXSourcesBuildPhase section */
		22F20FCE28806A3B00D02328 /* Sources */ = {
			isa = PBXSourcesBuildPhase;
			buildActionMask = 2147483647;
			files = (
				22F20FF528806AED00D02328 /* DatabaseConfigurable.swift in Sources */,
				22F20FF428806AED00D02328 /* RealmErrorType.swift in Sources */,
				22F20FF628806AED00D02328 /* RealmMemoryType.swift in Sources */,
				22F20FF128806AED00D02328 /* DatabaseConfigurable+Configuration.swift in Sources */,
				22F20FF328806AED00D02328 /* DatabaseConfigurable+Setup.swift in Sources */,
				22F20FF228806AED00D02328 /* DatabaseConfigurable+LegacyMigration.swift in Sources */,
			);
			runOnlyForDeploymentPostprocessing = 0;
		};
		22F20FD628806A3B00D02328 /* Sources */ = {
			isa = PBXSourcesBuildPhase;
			buildActionMask = 2147483647;
			files = (
				22F20FE028806A3B00D02328 /* QRealmManagerTests.swift in Sources */,
			);
			runOnlyForDeploymentPostprocessing = 0;
		};
/* End PBXSourcesBuildPhase section */

/* Begin PBXTargetDependency section */
		22F20FDD28806A3B00D02328 /* PBXTargetDependency */ = {
			isa = PBXTargetDependency;
			target = 22F20FD128806A3B00D02328 /* QRealmManager */;
			targetProxy = 22F20FDC28806A3B00D02328 /* PBXContainerItemProxy */;
		};
/* End PBXTargetDependency section */

/* Begin XCBuildConfiguration section */
		22F20FE228806A3B00D02328 /* Debug */ = {
			isa = XCBuildConfiguration;
			buildSettings = {
				ALWAYS_SEARCH_USER_PATHS = NO;
				CLANG_ANALYZER_NONNULL = YES;
				CLANG_ANALYZER_NUMBER_OBJECT_CONVERSION = YES_AGGRESSIVE;
				CLANG_CXX_LANGUAGE_STANDARD = "gnu++20";
				CLANG_ENABLE_MODULES = YES;
				CLANG_ENABLE_OBJC_ARC = YES;
				CLANG_ENABLE_OBJC_WEAK = YES;
				CLANG_WARN_BLOCK_CAPTURE_AUTORELEASING = YES;
				CLANG_WARN_BOOL_CONVERSION = YES;
				CLANG_WARN_COMMA = YES;
				CLANG_WARN_CONSTANT_CONVERSION = YES;
				CLANG_WARN_DEPRECATED_OBJC_IMPLEMENTATIONS = YES;
				CLANG_WARN_DIRECT_OBJC_ISA_USAGE = YES_ERROR;
				CLANG_WARN_DOCUMENTATION_COMMENTS = YES;
				CLANG_WARN_EMPTY_BODY = YES;
				CLANG_WARN_ENUM_CONVERSION = YES;
				CLANG_WARN_INFINITE_RECURSION = YES;
				CLANG_WARN_INT_CONVERSION = YES;
				CLANG_WARN_NON_LITERAL_NULL_CONVERSION = YES;
				CLANG_WARN_OBJC_IMPLICIT_RETAIN_SELF = YES;
				CLANG_WARN_OBJC_LITERAL_CONVERSION = YES;
				CLANG_WARN_OBJC_ROOT_CLASS = YES_ERROR;
				CLANG_WARN_QUOTED_INCLUDE_IN_FRAMEWORK_HEADER = YES;
				CLANG_WARN_RANGE_LOOP_ANALYSIS = YES;
				CLANG_WARN_STRICT_PROTOTYPES = YES;
				CLANG_WARN_SUSPICIOUS_MOVE = YES;
				CLANG_WARN_UNGUARDED_AVAILABILITY = YES_AGGRESSIVE;
				CLANG_WARN_UNREACHABLE_CODE = YES;
				CLANG_WARN__DUPLICATE_METHOD_MATCH = YES;
				COPY_PHASE_STRIP = NO;
				CURRENT_PROJECT_VERSION = 1;
				DEBUG_INFORMATION_FORMAT = dwarf;
				ENABLE_STRICT_OBJC_MSGSEND = YES;
				ENABLE_TESTABILITY = YES;
				GCC_C_LANGUAGE_STANDARD = gnu11;
				GCC_DYNAMIC_NO_PIC = NO;
				GCC_NO_COMMON_BLOCKS = YES;
				GCC_OPTIMIZATION_LEVEL = 0;
				GCC_PREPROCESSOR_DEFINITIONS = (
					"DEBUG=1",
					"$(inherited)",
				);
				GCC_WARN_64_TO_32_BIT_CONVERSION = YES;
				GCC_WARN_ABOUT_RETURN_TYPE = YES_ERROR;
				GCC_WARN_UNDECLARED_SELECTOR = YES;
				GCC_WARN_UNINITIALIZED_AUTOS = YES_AGGRESSIVE;
				GCC_WARN_UNUSED_FUNCTION = YES;
				GCC_WARN_UNUSED_VARIABLE = YES;
				IPHONEOS_DEPLOYMENT_TARGET = 11.0;
				MTL_ENABLE_DEBUG_INFO = INCLUDE_SOURCE;
				MTL_FAST_MATH = YES;
				ONLY_ACTIVE_ARCH = YES;
				SDKROOT = iphoneos;
				SWIFT_ACTIVE_COMPILATION_CONDITIONS = DEBUG;
				SWIFT_OPTIMIZATION_LEVEL = "-Onone";
				VERSIONING_SYSTEM = "apple-generic";
				VERSION_INFO_PREFIX = "";
			};
			name = Debug;
		};
		22F20FE328806A3B00D02328 /* Release */ = {
			isa = XCBuildConfiguration;
			buildSettings = {
				ALWAYS_SEARCH_USER_PATHS = NO;
				CLANG_ANALYZER_NONNULL = YES;
				CLANG_ANALYZER_NUMBER_OBJECT_CONVERSION = YES_AGGRESSIVE;
				CLANG_CXX_LANGUAGE_STANDARD = "gnu++20";
				CLANG_ENABLE_MODULES = YES;
				CLANG_ENABLE_OBJC_ARC = YES;
				CLANG_ENABLE_OBJC_WEAK = YES;
				CLANG_WARN_BLOCK_CAPTURE_AUTORELEASING = YES;
				CLANG_WARN_BOOL_CONVERSION = YES;
				CLANG_WARN_COMMA = YES;
				CLANG_WARN_CONSTANT_CONVERSION = YES;
				CLANG_WARN_DEPRECATED_OBJC_IMPLEMENTATIONS = YES;
				CLANG_WARN_DIRECT_OBJC_ISA_USAGE = YES_ERROR;
				CLANG_WARN_DOCUMENTATION_COMMENTS = YES;
				CLANG_WARN_EMPTY_BODY = YES;
				CLANG_WARN_ENUM_CONVERSION = YES;
				CLANG_WARN_INFINITE_RECURSION = YES;
				CLANG_WARN_INT_CONVERSION = YES;
				CLANG_WARN_NON_LITERAL_NULL_CONVERSION = YES;
				CLANG_WARN_OBJC_IMPLICIT_RETAIN_SELF = YES;
				CLANG_WARN_OBJC_LITERAL_CONVERSION = YES;
				CLANG_WARN_OBJC_ROOT_CLASS = YES_ERROR;
				CLANG_WARN_QUOTED_INCLUDE_IN_FRAMEWORK_HEADER = YES;
				CLANG_WARN_RANGE_LOOP_ANALYSIS = YES;
				CLANG_WARN_STRICT_PROTOTYPES = YES;
				CLANG_WARN_SUSPICIOUS_MOVE = YES;
				CLANG_WARN_UNGUARDED_AVAILABILITY = YES_AGGRESSIVE;
				CLANG_WARN_UNREACHABLE_CODE = YES;
				CLANG_WARN__DUPLICATE_METHOD_MATCH = YES;
				COPY_PHASE_STRIP = NO;
				CURRENT_PROJECT_VERSION = 1;
				DEBUG_INFORMATION_FORMAT = "dwarf-with-dsym";
				ENABLE_NS_ASSERTIONS = NO;
				ENABLE_STRICT_OBJC_MSGSEND = YES;
				GCC_C_LANGUAGE_STANDARD = gnu11;
				GCC_NO_COMMON_BLOCKS = YES;
				GCC_WARN_64_TO_32_BIT_CONVERSION = YES;
				GCC_WARN_ABOUT_RETURN_TYPE = YES_ERROR;
				GCC_WARN_UNDECLARED_SELECTOR = YES;
				GCC_WARN_UNINITIALIZED_AUTOS = YES_AGGRESSIVE;
				GCC_WARN_UNUSED_FUNCTION = YES;
				GCC_WARN_UNUSED_VARIABLE = YES;
				IPHONEOS_DEPLOYMENT_TARGET = 11.0;
				MTL_ENABLE_DEBUG_INFO = NO;
				MTL_FAST_MATH = YES;
				SDKROOT = iphoneos;
				SWIFT_COMPILATION_MODE = wholemodule;
				SWIFT_OPTIMIZATION_LEVEL = "-O";
				VALIDATE_PRODUCT = YES;
				VERSIONING_SYSTEM = "apple-generic";
				VERSION_INFO_PREFIX = "";
			};
			name = Release;
		};
		22F20FE528806A3B00D02328 /* Debug */ = {
			isa = XCBuildConfiguration;
			buildSettings = {
				CODE_SIGN_STYLE = Automatic;
				CURRENT_PROJECT_VERSION = 1;
				DEFINES_MODULE = YES;
				DYLIB_COMPATIBILITY_VERSION = 1;
				DYLIB_CURRENT_VERSION = 1;
				DYLIB_INSTALL_NAME_BASE = "@rpath";
				GENERATE_INFOPLIST_FILE = YES;
				INFOPLIST_KEY_NSHumanReadableCopyright = "";
				INSTALL_PATH = "$(LOCAL_LIBRARY_DIR)/Frameworks";
				LD_RUNPATH_SEARCH_PATHS = (
					"$(inherited)",
					"@executable_path/Frameworks",
					"@loader_path/Frameworks",
				);
				MARKETING_VERSION = 1.0;
				PRODUCT_BUNDLE_IDENTIFIER = com.codetoanbug.QRealmManager;
				PRODUCT_NAME = "$(TARGET_NAME:c99extidentifier)";
				SKIP_INSTALL = YES;
				SUPPORTED_PLATFORMS = "iphoneos iphonesimulator";
				SUPPORTS_MACCATALYST = NO;
				SUPPORTS_MAC_DESIGNED_FOR_IPHONE_IPAD = YES;
				SWIFT_EMIT_LOC_STRINGS = YES;
				SWIFT_VERSION = 5.0;
				TARGETED_DEVICE_FAMILY = "1,2";
			};
			name = Debug;
		};
		22F20FE628806A3B00D02328 /* Release */ = {
			isa = XCBuildConfiguration;
			buildSettings = {
				CODE_SIGN_STYLE = Automatic;
				CURRENT_PROJECT_VERSION = 1;
				DEFINES_MODULE = YES;
				DYLIB_COMPATIBILITY_VERSION = 1;
				DYLIB_CURRENT_VERSION = 1;
				DYLIB_INSTALL_NAME_BASE = "@rpath";
				GENERATE_INFOPLIST_FILE = YES;
				INFOPLIST_KEY_NSHumanReadableCopyright = "";
				INSTALL_PATH = "$(LOCAL_LIBRARY_DIR)/Frameworks";
				LD_RUNPATH_SEARCH_PATHS = (
					"$(inherited)",
					"@executable_path/Frameworks",
					"@loader_path/Frameworks",
				);
				MARKETING_VERSION = 1.0;
				PRODUCT_BUNDLE_IDENTIFIER = com.codetoanbug.QRealmManager;
				PRODUCT_NAME = "$(TARGET_NAME:c99extidentifier)";
				SKIP_INSTALL = YES;
				SUPPORTED_PLATFORMS = "iphoneos iphonesimulator";
				SUPPORTS_MACCATALYST = NO;
				SUPPORTS_MAC_DESIGNED_FOR_IPHONE_IPAD = YES;
				SWIFT_EMIT_LOC_STRINGS = YES;
				SWIFT_VERSION = 5.0;
				TARGETED_DEVICE_FAMILY = "1,2";
			};
			name = Release;
		};
		22F20FE828806A3B00D02328 /* Debug */ = {
			isa = XCBuildConfiguration;
			buildSettings = {
				ALWAYS_EMBED_SWIFT_STANDARD_LIBRARIES = YES;
				CODE_SIGN_STYLE = Automatic;
				CURRENT_PROJECT_VERSION = 1;
				GENERATE_INFOPLIST_FILE = YES;
				MARKETING_VERSION = 1.0;
				PRODUCT_BUNDLE_IDENTIFIER = com.codetoanbug.QRealmManagerTests;
				PRODUCT_NAME = "$(TARGET_NAME)";
				SUPPORTED_PLATFORMS = "iphoneos iphonesimulator";
				SUPPORTS_MACCATALYST = NO;
				SUPPORTS_MAC_DESIGNED_FOR_IPHONE_IPAD = YES;
				SWIFT_EMIT_LOC_STRINGS = NO;
				SWIFT_VERSION = 5.0;
				TARGETED_DEVICE_FAMILY = "1,2";
			};
			name = Debug;
		};
		22F20FE928806A3B00D02328 /* Release */ = {
			isa = XCBuildConfiguration;
			buildSettings = {
				ALWAYS_EMBED_SWIFT_STANDARD_LIBRARIES = YES;
				CODE_SIGN_STYLE = Automatic;
				CURRENT_PROJECT_VERSION = 1;
				GENERATE_INFOPLIST_FILE = YES;
				MARKETING_VERSION = 1.0;
				PRODUCT_BUNDLE_IDENTIFIER = com.codetoanbug.QRealmManagerTests;
				PRODUCT_NAME = "$(TARGET_NAME)";
				SUPPORTED_PLATFORMS = "iphoneos iphonesimulator";
				SUPPORTS_MACCATALYST = NO;
				SUPPORTS_MAC_DESIGNED_FOR_IPHONE_IPAD = YES;
				SWIFT_EMIT_LOC_STRINGS = NO;
				SWIFT_VERSION = 5.0;
				TARGETED_DEVICE_FAMILY = "1,2";
			};
			name = Release;
		};
/* End XCBuildConfiguration section */

/* Begin XCConfigurationList section */
		22F20FCC28806A3B00D02328 /* Build configuration list for PBXProject "QRealmManager" */ = {
			isa = XCConfigurationList;
			buildConfigurations = (
				22F20FE228806A3B00D02328 /* Debug */,
				22F20FE328806A3B00D02328 /* Release */,
			);
			defaultConfigurationIsVisible = 0;
			defaultConfigurationName = Release;
		};
		22F20FE428806A3B00D02328 /* Build configuration list for PBXNativeTarget "QRealmManager" */ = {
			isa = XCConfigurationList;
			buildConfigurations = (
				22F20FE528806A3B00D02328 /* Debug */,
				22F20FE628806A3B00D02328 /* Release */,
			);
			defaultConfigurationIsVisible = 0;
			defaultConfigurationName = Release;
		};
		22F20FE728806A3B00D02328 /* Build configuration list for PBXNativeTarget "QRealmManagerTests" */ = {
			isa = XCConfigurationList;
			buildConfigurations = (
				22F20FE828806A3B00D02328 /* Debug */,
				22F20FE928806A3B00D02328 /* Release */,
			);
			defaultConfigurationIsVisible = 0;
			defaultConfigurationName = Release;
		};
/* End XCConfigurationList section */
	};
	rootObject = 22F20FC928806A3B00D02328 /* Project object */;
}
